
Microsoft Visual Studio Solution File, Format Version 12.00
# Visual Studio Version 16
VisualStudioVersion = 16.0.29519.87
MinimumVisualStudioVersion = 10.0.40219.1
Project("{9A19103F-16F7-4668-BE54-9A1E7A4F7556}") = "GraphCompression", "GraphCompression.csproj", "{422FF23B-20AA-49A5-8B39-532612DC2356}"
EndProject
Project("{9A19103F-16F7-4668-BE54-9A1E7A4F7556}") = "GraphCompression.Core", "..\GraphCompression.Core\GraphCompression.Core.csproj", "{40122C42-37C0-42E7-BECE-B4226C80C015}"
EndProject
Project("{FAE04EC0-301F-11D3-BF4B-00C04F79EFBC}") = "Test", "..\Test\Test.csproj", "{A281C267-AEB0-4864-A885-CAC2B52D8C26}"
EndProject
Global
	GlobalSection(SolutionConfigurationPlatforms) = preSolution
		Debug|Any CPU = Debug|Any CPU
		Release|Any CPU = Release|Any CPU
	EndGlobalSection
	GlobalSection(ProjectConfigurationPlatforms) = postSolution
		{422FF23B-20AA-49A5-8B39-532612DC2356}.Debug|Any CPU.ActiveCfg = Debug|Any CPU
		{422FF23B-20AA-49A5-8B39-532612DC2356}.Debug|Any CPU.Build.0 = Debug|Any CPU
		{422FF23B-20AA-49A5-8B39-532612DC2356}.Release|Any CPU.ActiveCfg = Release|Any CPU
		{422FF23B-20AA-49A5-8B39-532612DC2356}.Release|Any CPU.Build.0 = Release|Any CPU
		{40122C42-37C0-42E7-BECE-B4226C80C015}.Debug|Any CPU.ActiveCfg = Debug|Any CPU
		{40122C42-37C0-42E7-BECE-B4226C80C015}.Debug|Any CPU.Build.0 = Debug|Any CPU
		{40122C42-37C0-42E7-BECE-B4226C80C015}.Release|Any CPU.ActiveCfg = Release|Any CPU
		{40122C42-37C0-42E7-BECE-B4226C80C015}.Release|Any CPU.Build.0 = Release|Any CPU
		{A281C267-AEB0-4864-A885-CAC2B52D8C26}.Debug|Any CPU.ActiveCfg = Debug|Any CPU
		{A281C267-AEB0-4864-A885-CAC2B52D8C26}.Debug|Any CPU.Build.0 = Debug|Any CPU
		{A281C267-AEB0-4864-A885-CAC2B52D8C26}.Release|Any CPU.ActiveCfg = Release|Any CPU
		{A281C267-AEB0-4864-A885-CAC2B52D8C26}.Release|Any CPU.Build.0 = Release|Any CPU
	EndGlobalSection
	GlobalSection(SolutionProperties) = preSolution
		HideSolutionNode = FALSE
	EndGlobalSection
	GlobalSection(ExtensibilityGlobals) = postSolution
		SolutionGuid = {47AD980E-E999-45C0-983D-AE7D6790338E}
	EndGlobalSection
EndGlobal
